{
  "name": "todolist-manager",
  "version": "1.0.0",
  "lockfileVersion": 1,
  "dependencies": {
    "express": {
      "version": "4.17.1",
      "resolved": "https://registry.npmjs.org/express/-/express-4.17.1.tgz",
      "integrity": "sha512-...<hash>..."
    },
    "mongoose": {
      "version": "5.10.9",
      "resolved": "https://registry.npmjs.org/mongoose/-/mongoose-5.10.9.tgz",
      "integrity": "sha512-...<hash>..."
    },
    "body-parser": {
      "version": "1.19.0",
      "resolved": "https://registry.npmjs.org/body-parser/-/body-parser-1.19.0.tgz",
      "integrity": "sha512-...<hash>..."
    },
    "prom-client": {
      "version": "13.0.0",
      "resolved": "https://registry.npmjs.org/prom-client/-/prom-client-13.0.0.tgz",
      "integrity": "sha512-...<hash>..."
    },
    "mocha": {
      "version": "8.2.1",
      "resolved": "https://registry.npmjs.org/mocha/-/mocha-8.2.1.tgz",
      "integrity": "sha512-...<hash>..."
    },
    "chai": {
      "version": "4.3.4",
      "resolved": "https://registry.npmjs.org/chai/-/chai-4.3.4.tgz",
      "integrity": "sha512-...<hash>..."
    },
    "supertest": {
      "version": "6.1.6",
      "resolved": "https://registry.npmjs.org/supertest/-/supertest-6.1.6.tgz",
      "integrity": "sha512-...<hash>..."
    }
  }
}

